
Microsoft Visual Studio Solution File, Format Version 12.00
# Visual Studio Version 17
VisualStudioVersion = 17.14.36408.4 d17.14
MinimumVisualStudioVersion = 10.0.40219.1
Project("{FAE04EC0-301F-11D3-BF4B-00C04F79EFBC}") = "ValidacaoCPF", "ValidacaoCPF\ValidacaoCPF.csproj", "{D83BC7D2-D328-4D8F-B91C-02D51DA72A14}"
EndProject
Global
	GlobalSection(SolutionConfigurationPlatforms) = preSolution
		Debug|Any CPU = Debug|Any CPU
		Release|Any CPU = Release|Any CPU
	EndGlobalSection
	GlobalSection(ProjectConfigurationPlatforms) = postSolution
		{D83BC7D2-D328-4D8F-B91C-02D51DA72A14}.Debug|Any CPU.ActiveCfg = Debug|Any CPU
		{D83BC7D2-D328-4D8F-B91C-02D51DA72A14}.Debug|Any CPU.Build.0 = Debug|Any CPU
		{D83BC7D2-D328-4D8F-B91C-02D51DA72A14}.Release|Any CPU.ActiveCfg = Release|Any CPU
		{D83BC7D2-D328-4D8F-B91C-02D51DA72A14}.Release|Any CPU.Build.0 = Release|Any CPU
	EndGlobalSection
	GlobalSection(SolutionProperties) = preSolution
		HideSolutionNode = FALSE
	EndGlobalSection
	GlobalSection(ExtensibilityGlobals) = postSolution
		SolutionGuid = {E4E60346-38B0-4AE5-91F3-96ABD75FC49E}
	EndGlobalSection
EndGlobal
